// !$*UTF8*$!
{
	archiveVersion = 1;
	classes = {
	};
	objectVersion = 50;
	objects = {

/* Begin PBXBuildFile section */
		3104462D20D6943F008FB490 /* AppDelegate.swift in Sources */ = {isa = PBXBuildFile; fileRef = 3104462C20D6943F008FB490 /* AppDelegate.swift */; };
		3104462F20D6943F008FB490 /* ViewController.swift in Sources */ = {isa = PBXBuildFile; fileRef = 3104462E20D6943F008FB490 /* ViewController.swift */; };
		3104463220D6943F008FB490 /* Main.storyboard in Resources */ = {isa = PBXBuildFile; fileRef = 3104463020D6943F008FB490 /* Main.storyboard */; };
		3104463420D69441008FB490 /* Assets.xcassets in Resources */ = {isa = PBXBuildFile; fileRef = 3104463320D69441008FB490 /* Assets.xcassets */; };
		3104463720D69441008FB490 /* LaunchScreen.storyboard in Resources */ = {isa = PBXBuildFile; fileRef = 3104463520D69441008FB490 /* LaunchScreen.storyboard */; };
		3104464220D69996008FB490 /* HomeTableViewCell.swift in Sources */ = {isa = PBXBuildFile; fileRef = 3104464120D69996008FB490 /* HomeTableViewCell.swift */; };
		3153FB8B20E52C470084538A /* City.swift in Sources */ = {isa = PBXBuildFile; fileRef = 3153FB8A20E52C470084538A /* City.swift */; };
		3153FB8D20E52C920084538A /* Daily.swift in Sources */ = {isa = PBXBuildFile; fileRef = 3153FB8C20E52C920084538A /* Daily.swift */; };
		3153FB8F20E52D5F0084538A /* List.swift in Sources */ = {isa = PBXBuildFile; fileRef = 3153FB8E20E52D5F0084538A /* List.swift */; };
		316BC79B20E53D4B00810D71 /* CityWeather.swift in Sources */ = {isa = PBXBuildFile; fileRef = 316BC79A20E53D4B00810D71 /* CityWeather.swift */; };
		31D0628520E7C48100623492 /* Uvi.swift in Sources */ = {isa = PBXBuildFile; fileRef = 31D0628420E7C48100623492 /* Uvi.swift */; };
		31F0737920E3E4B6000EEE2E /* Constants.swift in Sources */ = {isa = PBXBuildFile; fileRef = 31F0737820E3E4B6000EEE2E /* Constants.swift */; };
		31F0737B20E3EA86000EEE2E /* Router.swift in Sources */ = {isa = PBXBuildFile; fileRef = 31F0737A20E3EA86000EEE2E /* Router.swift */; };
		31F0737D20E3EC4D000EEE2E /* DataAccess.swift in Sources */ = {isa = PBXBuildFile; fileRef = 31F0737C20E3EC4D000EEE2E /* DataAccess.swift */; };
		31F0738220E3EE68000EEE2E /* Weather.swift in Sources */ = {isa = PBXBuildFile; fileRef = 31F0738120E3EE68000EEE2E /* Weather.swift */; };
		31F0738420E3EF0C000EEE2E /* Main.swift in Sources */ = {isa = PBXBuildFile; fileRef = 31F0738320E3EF0C000EEE2E /* Main.swift */; };
		31F0738620E3EFAA000EEE2E /* WeatherDetails.swift in Sources */ = {isa = PBXBuildFile; fileRef = 31F0738520E3EFAA000EEE2E /* WeatherDetails.swift */; };
		31F0738920E3F45E000EEE2E /* BusinessManager.swift in Sources */ = {isa = PBXBuildFile; fileRef = 31F0738820E3F45E000EEE2E /* BusinessManager.swift */; };
		31F0738B20E3F61A000EEE2E /* Sys.swift in Sources */ = {isa = PBXBuildFile; fileRef = 31F0738A20E3F61A000EEE2E /* Sys.swift */; };
		31F0738D20E3FF8D000EEE2E /* ConstantDatas.swift in Sources */ = {isa = PBXBuildFile; fileRef = 31F0738C20E3FF8D000EEE2E /* ConstantDatas.swift */; };
		55F17C3A20E4D51700F42C49 /* city.list.json in Resources */ = {isa = PBXBuildFile; fileRef = 55F17C3920E4D51700F42C49 /* city.list.json */; };
		55F17C3E20E4D5EB00F42C49 /* Coord.swift in Sources */ = {isa = PBXBuildFile; fileRef = 55F17C3D20E4D5EB00F42C49 /* Coord.swift */; };
		55F17C4020E4D67000F42C49 /* CityDataAccess.swift in Sources */ = {isa = PBXBuildFile; fileRef = 55F17C3F20E4D67000F42C49 /* CityDataAccess.swift */; };
		55F17C4220E4E37600F42C49 /* CitySelectionViewController.swift in Sources */ = {isa = PBXBuildFile; fileRef = 55F17C4120E4E37600F42C49 /* CitySelectionViewController.swift */; };
		55F17C4620E4E59800F42C49 /* CityTableViewCell.swift in Sources */ = {isa = PBXBuildFile; fileRef = 55F17C4520E4E59800F42C49 /* CityTableViewCell.swift */; };
		55F17C4920E62DE900F42C49 /* CharacterExtension.swift in Sources */ = {isa = PBXBuildFile; fileRef = 55F17C4820E62DE900F42C49 /* CharacterExtension.swift */; };
		6FB587A1E1191F0FC8F2AD41 /* Pods_Nalssi.framework in Frameworks */ = {isa = PBXBuildFile; fileRef = 618A07853E2657A42B996EDE /* Pods_Nalssi.framework */; };
/* End PBXBuildFile section */

/* Begin PBXFileReference section */
		3104462920D6943F008FB490 /* Nalssi.app */ = {isa = PBXFileReference; explicitFileType = wrapper.application; includeInIndex = 0; path = Nalssi.app; sourceTree = BUILT_PRODUCTS_DIR; };
		3104462C20D6943F008FB490 /* AppDelegate.swift */ = {isa = PBXFileReference; lastKnownFileType = sourcecode.swift; path = AppDelegate.swift; sourceTree = "<group>"; };
		3104462E20D6943F008FB490 /* ViewController.swift */ = {isa = PBXFileReference; lastKnownFileType = sourcecode.swift; path = ViewController.swift; sourceTree = "<group>"; };
		3104463120D6943F008FB490 /* Base */ = {isa = PBXFileReference; lastKnownFileType = file.storyboard; name = Base; path = Base.lproj/Main.storyboard; sourceTree = "<group>"; };
		3104463320D69441008FB490 /* Assets.xcassets */ = {isa = PBXFileReference; lastKnownFileType = folder.assetcatalog; path = Assets.xcassets; sourceTree = "<group>"; };
		3104463620D69441008FB490 /* Base */ = {isa = PBXFileReference; lastKnownFileType = file.storyboard; name = Base; path = Base.lproj/LaunchScreen.storyboard; sourceTree = "<group>"; };
		3104463820D69441008FB490 /* Info.plist */ = {isa = PBXFileReference; lastKnownFileType = text.plist.xml; path = Info.plist; sourceTree = "<group>"; };
		3104464120D69996008FB490 /* HomeTableViewCell.swift */ = {isa = PBXFileReference; lastKnownFileType = sourcecode.swift; path = HomeTableViewCell.swift; sourceTree = "<group>"; };
		3153FB8A20E52C470084538A /* City.swift */ = {isa = PBXFileReference; lastKnownFileType = sourcecode.swift; path = City.swift; sourceTree = "<group>"; };
		3153FB8C20E52C920084538A /* Daily.swift */ = {isa = PBXFileReference; lastKnownFileType = sourcecode.swift; path = Daily.swift; sourceTree = "<group>"; };
		3153FB8E20E52D5F0084538A /* List.swift */ = {isa = PBXFileReference; lastKnownFileType = sourcecode.swift; path = List.swift; sourceTree = "<group>"; };
		316BC79A20E53D4B00810D71 /* CityWeather.swift */ = {isa = PBXFileReference; lastKnownFileType = sourcecode.swift; path = CityWeather.swift; sourceTree = "<group>"; };
		31D0628420E7C48100623492 /* Uvi.swift */ = {isa = PBXFileReference; lastKnownFileType = sourcecode.swift; path = Uvi.swift; sourceTree = "<group>"; };
		31F0737820E3E4B6000EEE2E /* Constants.swift */ = {isa = PBXFileReference; lastKnownFileType = sourcecode.swift; path = Constants.swift; sourceTree = "<group>"; };
		31F0737A20E3EA86000EEE2E /* Router.swift */ = {isa = PBXFileReference; lastKnownFileType = sourcecode.swift; path = Router.swift; sourceTree = "<group>"; };
		31F0737C20E3EC4D000EEE2E /* DataAccess.swift */ = {isa = PBXFileReference; lastKnownFileType = sourcecode.swift; path = DataAccess.swift; sourceTree = "<group>"; };
		31F0738120E3EE68000EEE2E /* Weather.swift */ = {isa = PBXFileReference; lastKnownFileType = sourcecode.swift; path = Weather.swift; sourceTree = "<group>"; };
		31F0738320E3EF0C000EEE2E /* Main.swift */ = {isa = PBXFileReference; lastKnownFileType = sourcecode.swift; path = Main.swift; sourceTree = "<group>"; };
		31F0738520E3EFAA000EEE2E /* WeatherDetails.swift */ = {isa = PBXFileReference; lastKnownFileType = sourcecode.swift; path = WeatherDetails.swift; sourceTree = "<group>"; };
		31F0738820E3F45E000EEE2E /* BusinessManager.swift */ = {isa = PBXFileReference; lastKnownFileType = sourcecode.swift; path = BusinessManager.swift; sourceTree = "<group>"; };
		31F0738A20E3F61A000EEE2E /* Sys.swift */ = {isa = PBXFileReference; lastKnownFileType = sourcecode.swift; path = Sys.swift; sourceTree = "<group>"; };
		31F0738C20E3FF8D000EEE2E /* ConstantDatas.swift */ = {isa = PBXFileReference; lastKnownFileType = sourcecode.swift; path = ConstantDatas.swift; sourceTree = "<group>"; };
		4B40A15E57DAA725E50A50C2 /* Pods-Nalssi.debug.xcconfig */ = {isa = PBXFileReference; includeInIndex = 1; lastKnownFileType = text.xcconfig; name = "Pods-Nalssi.debug.xcconfig"; path = "Pods/Target Support Files/Pods-Nalssi/Pods-Nalssi.debug.xcconfig"; sourceTree = "<group>"; };
		55F17C3920E4D51700F42C49 /* city.list.json */ = {isa = PBXFileReference; fileEncoding = 4; lastKnownFileType = text.json; path = city.list.json; sourceTree = "<group>"; };
		55F17C3D20E4D5EB00F42C49 /* Coord.swift */ = {isa = PBXFileReference; lastKnownFileType = sourcecode.swift; path = Coord.swift; sourceTree = "<group>"; };
		55F17C3F20E4D67000F42C49 /* CityDataAccess.swift */ = {isa = PBXFileReference; lastKnownFileType = sourcecode.swift; path = CityDataAccess.swift; sourceTree = "<group>"; };
		55F17C4120E4E37600F42C49 /* CitySelectionViewController.swift */ = {isa = PBXFileReference; lastKnownFileType = sourcecode.swift; path = CitySelectionViewController.swift; sourceTree = "<group>"; };
		55F17C4520E4E59800F42C49 /* CityTableViewCell.swift */ = {isa = PBXFileReference; lastKnownFileType = sourcecode.swift; path = CityTableViewCell.swift; sourceTree = "<group>"; };
		55F17C4820E62DE900F42C49 /* CharacterExtension.swift */ = {isa = PBXFileReference; lastKnownFileType = sourcecode.swift; path = CharacterExtension.swift; sourceTree = "<group>"; };
		618A07853E2657A42B996EDE /* Pods_Nalssi.framework */ = {isa = PBXFileReference; explicitFileType = wrapper.framework; includeInIndex = 0; path = Pods_Nalssi.framework; sourceTree = BUILT_PRODUCTS_DIR; };
		A51BF607C3D186F860422FA9 /* Pods-Nalssi.release.xcconfig */ = {isa = PBXFileReference; includeInIndex = 1; lastKnownFileType = text.xcconfig; name = "Pods-Nalssi.release.xcconfig"; path = "Pods/Target Support Files/Pods-Nalssi/Pods-Nalssi.release.xcconfig"; sourceTree = "<group>"; };
/* End PBXFileReference section */

/* Begin PBXFrameworksBuildPhase section */
		3104462620D6943F008FB490 /* Frameworks */ = {
			isa = PBXFrameworksBuildPhase;
			buildActionMask = 2147483647;
			files = (
				6FB587A1E1191F0FC8F2AD41 /* Pods_Nalssi.framework in Frameworks */,
			);
			runOnlyForDeploymentPostprocessing = 0;
		};
/* End PBXFrameworksBuildPhase section */

/* Begin PBXGroup section */
		3104462020D6943F008FB490 = {
			isa = PBXGroup;
			children = (
				3104462B20D6943F008FB490 /* Nalssi */,
				3104462A20D6943F008FB490 /* Products */,
				42EFDE5399ADEA04101A3D13 /* Pods */,
				BE23695076BDBD0E176305EE /* Frameworks */,
			);
			sourceTree = "<group>";
		};
		3104462A20D6943F008FB490 /* Products */ = {
			isa = PBXGroup;
			children = (
				3104462920D6943F008FB490 /* Nalssi.app */,
			);
			name = Products;
			sourceTree = "<group>";
		};
		3104462B20D6943F008FB490 /* Nalssi */ = {
			isa = PBXGroup;
			children = (
				55F17C4720E62DD800F42C49 /* Utils */,
				31F0738720E3F43D000EEE2E /* Business */,
				31F0737E20E3EC94000EEE2E /* Models */,
				31F0737720E3E46C000EEE2E /* DataAccess */,
				3104463F20D69467008FB490 /* ViewControllers */,
				3104463E20D69455008FB490 /* Ressources */,
				3104462C20D6943F008FB490 /* AppDelegate.swift */,
				3104463820D69441008FB490 /* Info.plist */,
			);
			path = Nalssi;
			sourceTree = "<group>";
		};
		3104463E20D69455008FB490 /* Ressources */ = {
			isa = PBXGroup;
			children = (
				3104464020D69474008FB490 /* Storyboards */,
				3104463320D69441008FB490 /* Assets.xcassets */,
				31F0738C20E3FF8D000EEE2E /* ConstantDatas.swift */,
				55F17C3920E4D51700F42C49 /* city.list.json */,
			);
			path = Ressources;
			sourceTree = "<group>";
		};
		3104463F20D69467008FB490 /* ViewControllers */ = {
			isa = PBXGroup;
			children = (
				3104462E20D6943F008FB490 /* ViewController.swift */,
				3104464120D69996008FB490 /* HomeTableViewCell.swift */,
				55F17C4120E4E37600F42C49 /* CitySelectionViewController.swift */,
				55F17C4520E4E59800F42C49 /* CityTableViewCell.swift */,
			);
			path = ViewControllers;
			sourceTree = "<group>";
		};
		3104464020D69474008FB490 /* Storyboards */ = {
			isa = PBXGroup;
			children = (
				3104463520D69441008FB490 /* LaunchScreen.storyboard */,
				3104463020D6943F008FB490 /* Main.storyboard */,
			);
			path = Storyboards;
			sourceTree = "<group>";
		};
		31F0737720E3E46C000EEE2E /* DataAccess */ = {
			isa = PBXGroup;
			children = (
				31F0737820E3E4B6000EEE2E /* Constants.swift */,
				31F0737A20E3EA86000EEE2E /* Router.swift */,
				31F0737C20E3EC4D000EEE2E /* DataAccess.swift */,
				55F17C3F20E4D67000F42C49 /* CityDataAccess.swift */,
			);
			path = DataAccess;
			sourceTree = "<group>";
		};
		31F0737E20E3EC94000EEE2E /* Models */ = {
			isa = PBXGroup;
			children = (
				31F0738120E3EE68000EEE2E /* Weather.swift */,
				31F0738320E3EF0C000EEE2E /* Main.swift */,
				31F0738520E3EFAA000EEE2E /* WeatherDetails.swift */,
				31F0738A20E3F61A000EEE2E /* Sys.swift */,
				3153FB8A20E52C470084538A /* City.swift */,
				3153FB8C20E52C920084538A /* Daily.swift */,
				3153FB8E20E52D5F0084538A /* List.swift */,
				55F17C3D20E4D5EB00F42C49 /* Coord.swift */,
				316BC79A20E53D4B00810D71 /* CityWeather.swift */,
				31D0628420E7C48100623492 /* Uvi.swift */,
			);
			path = Models;
			sourceTree = "<group>";
		};
		31F0738720E3F43D000EEE2E /* Business */ = {
			isa = PBXGroup;
			children = (
				31F0738820E3F45E000EEE2E /* BusinessManager.swift */,
			);
			path = Business;
			sourceTree = "<group>";
		};
		42EFDE5399ADEA04101A3D13 /* Pods */ = {
			isa = PBXGroup;
			children = (
				4B40A15E57DAA725E50A50C2 /* Pods-Nalssi.debug.xcconfig */,
				A51BF607C3D186F860422FA9 /* Pods-Nalssi.release.xcconfig */,
			);
			name = Pods;
			sourceTree = "<group>";
		};
		55F17C4720E62DD800F42C49 /* Utils */ = {
			isa = PBXGroup;
			children = (
				55F17C4820E62DE900F42C49 /* CharacterExtension.swift */,
			);
			path = Utils;
			sourceTree = "<group>";
		};
		BE23695076BDBD0E176305EE /* Frameworks */ = {
			isa = PBXGroup;
			children = (
				618A07853E2657A42B996EDE /* Pods_Nalssi.framework */,
			);
			name = Frameworks;
			sourceTree = "<group>";
		};
/* End PBXGroup section */

/* Begin PBXNativeTarget section */
		3104462820D6943F008FB490 /* Nalssi */ = {
			isa = PBXNativeTarget;
			buildConfigurationList = 3104463B20D69441008FB490 /* Build configuration list for PBXNativeTarget "Nalssi" */;
			buildPhases = (
				3BF4A5F14B4053CEADC11E3C /* [CP] Check Pods Manifest.lock */,
				3104462520D6943F008FB490 /* Sources */,
				3104462620D6943F008FB490 /* Frameworks */,
				3104462720D6943F008FB490 /* Resources */,
				DE2DE390928F99120CD2D606 /* [CP] Embed Pods Frameworks */,
				23D60E5F579DBFA06FE479A1 /* [CP] Copy Pods Resources */,
			);
			buildRules = (
			);
			dependencies = (
			);
			name = Nalssi;
			productName = Nalssi;
			productReference = 3104462920D6943F008FB490 /* Nalssi.app */;
			productType = "com.apple.product-type.application";
		};
/* End PBXNativeTarget section */

/* Begin PBXProject section */
		3104462120D6943F008FB490 /* Project object */ = {
			isa = PBXProject;
			attributes = {
				LastSwiftUpdateCheck = 0940;
				LastUpgradeCheck = 0940;
				ORGANIZATIONNAME = mti;
				TargetAttributes = {
					3104462820D6943F008FB490 = {
						CreatedOnToolsVersion = 9.4;
					};
				};
			};
			buildConfigurationList = 3104462420D6943F008FB490 /* Build configuration list for PBXProject "Nalssi" */;
			compatibilityVersion = "Xcode 9.3";
			developmentRegion = en;
			hasScannedForEncodings = 0;
			knownRegions = (
				en,
				Base,
			);
			mainGroup = 3104462020D6943F008FB490;
			productRefGroup = 3104462A20D6943F008FB490 /* Products */;
			projectDirPath = "";
			projectRoot = "";
			targets = (
				3104462820D6943F008FB490 /* Nalssi */,
			);
		};
/* End PBXProject section */

/* Begin PBXResourcesBuildPhase section */
		3104462720D6943F008FB490 /* Resources */ = {
			isa = PBXResourcesBuildPhase;
			buildActionMask = 2147483647;
			files = (
				3104463720D69441008FB490 /* LaunchScreen.storyboard in Resources */,
				55F17C3A20E4D51700F42C49 /* city.list.json in Resources */,
				3104463420D69441008FB490 /* Assets.xcassets in Resources */,
				3104463220D6943F008FB490 /* Main.storyboard in Resources */,
			);
			runOnlyForDeploymentPostprocessing = 0;
		};
/* End PBXResourcesBuildPhase section */

/* Begin PBXShellScriptBuildPhase section */
		23D60E5F579DBFA06FE479A1 /* [CP] Copy Pods Resources */ = {
			isa = PBXShellScriptBuildPhase;
			buildActionMask = 2147483647;
			files = (
			);
			inputPaths = (
			);
			name = "[CP] Copy Pods Resources";
			outputPaths = (
			);
			runOnlyForDeploymentPostprocessing = 0;
			shellPath = /bin/sh;
			shellScript = "\"${SRCROOT}/Pods/Target Support Files/Pods-Nalssi/Pods-Nalssi-resources.sh\"\n";
			showEnvVarsInLog = 0;
		};
		3BF4A5F14B4053CEADC11E3C /* [CP] Check Pods Manifest.lock */ = {
			isa = PBXShellScriptBuildPhase;
			buildActionMask = 2147483647;
			files = (
			);
			inputPaths = (
				"${PODS_PODFILE_DIR_PATH}/Podfile.lock",
				"${PODS_ROOT}/Manifest.lock",
			);
			name = "[CP] Check Pods Manifest.lock";
			outputPaths = (
				"$(DERIVED_FILE_DIR)/Pods-Nalssi-checkManifestLockResult.txt",
			);
			runOnlyForDeploymentPostprocessing = 0;
			shellPath = /bin/sh;
			shellScript = "diff \"${PODS_PODFILE_DIR_PATH}/Podfile.lock\" \"${PODS_ROOT}/Manifest.lock\" > /dev/null\nif [ $? != 0 ] ; then\n    # print error to STDERR\n    echo \"error: The sandbox is not in sync with the Podfile.lock. Run 'pod install' or update your CocoaPods installation.\" >&2\n    exit 1\nfi\n# This output is used by Xcode 'outputs' to avoid re-running this script phase.\necho \"SUCCESS\" > \"${SCRIPT_OUTPUT_FILE_0}\"\n";
			showEnvVarsInLog = 0;
		};
		DE2DE390928F99120CD2D606 /* [CP] Embed Pods Frameworks */ = {
			isa = PBXShellScriptBuildPhase;
			buildActionMask = 2147483647;
			files = (
			);
			inputPaths = (
				"${SRCROOT}/Pods/Target Support Files/Pods-Nalssi/Pods-Nalssi-frameworks.sh",
				"${BUILT_PRODUCTS_DIR}/Alamofire/Alamofire.framework",
				"${BUILT_PRODUCTS_DIR}/AlamofireObjectMapper/AlamofireObjectMapper.framework",
				"${BUILT_PRODUCTS_DIR}/ObjectMapper/ObjectMapper.framework",
			);
			name = "[CP] Embed Pods Frameworks";
			outputPaths = (
				"${TARGET_BUILD_DIR}/${FRAMEWORKS_FOLDER_PATH}/Alamofire.framework",
				"${TARGET_BUILD_DIR}/${FRAMEWORKS_FOLDER_PATH}/AlamofireObjectMapper.framework",
				"${TARGET_BUILD_DIR}/${FRAMEWORKS_FOLDER_PATH}/ObjectMapper.framework",
			);
			runOnlyForDeploymentPostprocessing = 0;
			shellPath = /bin/sh;
			shellScript = "\"${SRCROOT}/Pods/Target Support Files/Pods-Nalssi/Pods-Nalssi-frameworks.sh\"\n";
			showEnvVarsInLog = 0;
		};
/* End PBXShellScriptBuildPhase section */

/* Begin PBXSourcesBuildPhase section */
		3104462520D6943F008FB490 /* Sources */ = {
			isa = PBXSourcesBuildPhase;
			buildActionMask = 2147483647;
			files = (
				55F17C4620E4E59800F42C49 /* CityTableViewCell.swift in Sources */,
				31F0738220E3EE68000EEE2E /* Weather.swift in Sources */,
				55F17C4020E4D67000F42C49 /* CityDataAccess.swift in Sources */,
				55F17C4920E62DE900F42C49 /* CharacterExtension.swift in Sources */,
				31D0628520E7C48100623492 /* Uvi.swift in Sources */,
				3104464220D69996008FB490 /* HomeTableViewCell.swift in Sources */,
				31F0738420E3EF0C000EEE2E /* Main.swift in Sources */,
				31F0738620E3EFAA000EEE2E /* WeatherDetails.swift in Sources */,
				31F0737D20E3EC4D000EEE2E /* DataAccess.swift in Sources */,
				31F0738D20E3FF8D000EEE2E /* ConstantDatas.swift in Sources */,
				31F0738B20E3F61A000EEE2E /* Sys.swift in Sources */,
				316BC79B20E53D4B00810D71 /* CityWeather.swift in Sources */,
				55F17C3E20E4D5EB00F42C49 /* Coord.swift in Sources */,
				31F0738920E3F45E000EEE2E /* BusinessManager.swift in Sources */,
				3153FB8F20E52D5F0084538A /* List.swift in Sources */,
				3104462F20D6943F008FB490 /* ViewController.swift in Sources */,
				31F0737B20E3EA86000EEE2E /* Router.swift in Sources */,
				3104462D20D6943F008FB490 /* AppDelegate.swift in Sources */,
				3153FB8B20E52C470084538A /* City.swift in Sources */,
				55F17C4220E4E37600F42C49 /* CitySelectionViewController.swift in Sources */,
				31F0737920E3E4B6000EEE2E /* Constants.swift in Sources */,
				3153FB8D20E52C920084538A /* Daily.swift in Sources */,
			);
			runOnlyForDeploymentPostprocessing = 0;
		};
/* End PBXSourcesBuildPhase section */

/* Begin PBXVariantGroup section */
		3104463020D6943F008FB490 /* Main.storyboard */ = {
			isa = PBXVariantGroup;
			children = (
				3104463120D6943F008FB490 /* Base */,
			);
			name = Main.storyboard;
			sourceTree = "<group>";
		};
		3104463520D69441008FB490 /* LaunchScreen.storyboard */ = {
			isa = PBXVariantGroup;
			children = (
				3104463620D69441008FB490 /* Base */,
			);
			name = LaunchScreen.storyboard;
			sourceTree = "<group>";
		};
/* End PBXVariantGroup section */

/* Begin XCBuildConfiguration section */
		3104463920D69441008FB490 /* Debug */ = {
			isa = XCBuildConfiguration;
			buildSettings = {
				ALWAYS_SEARCH_USER_PATHS = NO;
				CLANG_ANALYZER_NONNULL = YES;
				CLANG_ANALYZER_NUMBER_OBJECT_CONVERSION = YES_AGGRESSIVE;
				CLANG_CXX_LANGUAGE_STANDARD = "gnu++14";
				CLANG_CXX_LIBRARY = "libc++";
				CLANG_ENABLE_MODULES = YES;
				CLANG_ENABLE_OBJC_ARC = YES;
				CLANG_ENABLE_OBJC_WEAK = YES;
				CLANG_WARN_BLOCK_CAPTURE_AUTORELEASING = YES;
				CLANG_WARN_BOOL_CONVERSION = YES;
				CLANG_WARN_COMMA = YES;
				CLANG_WARN_CONSTANT_CONVERSION = YES;
				CLANG_WARN_DEPRECATED_OBJC_IMPLEMENTATIONS = YES;
				CLANG_WARN_DIRECT_OBJC_ISA_USAGE = YES_ERROR;
				CLANG_WARN_DOCUMENTATION_COMMENTS = YES;
				CLANG_WARN_EMPTY_BODY = YES;
				CLANG_WARN_ENUM_CONVERSION = YES;
				CLANG_WARN_INFINITE_RECURSION = YES;
				CLANG_WARN_INT_CONVERSION = YES;
				CLANG_WARN_NON_LITERAL_NULL_CONVERSION = YES;
				CLANG_WARN_OBJC_IMPLICIT_RETAIN_SELF = YES;
				CLANG_WARN_OBJC_LITERAL_CONVERSION = YES;
				CLANG_WARN_OBJC_ROOT_CLASS = YES_ERROR;
				CLANG_WARN_RANGE_LOOP_ANALYSIS = YES;
				CLANG_WARN_STRICT_PROTOTYPES = YES;
				CLANG_WARN_SUSPICIOUS_MOVE = YES;
				CLANG_WARN_UNGUARDED_AVAILABILITY = YES_AGGRESSIVE;
				CLANG_WARN_UNREACHABLE_CODE = YES;
				CLANG_WARN__DUPLICATE_METHOD_MATCH = YES;
				CODE_SIGN_IDENTITY = "iPhone Developer";
				COPY_PHASE_STRIP = NO;
				DEBUG_INFORMATION_FORMAT = dwarf;
				ENABLE_STRICT_OBJC_MSGSEND = YES;
				ENABLE_TESTABILITY = YES;
				GCC_C_LANGUAGE_STANDARD = gnu11;
				GCC_DYNAMIC_NO_PIC = NO;
				GCC_NO_COMMON_BLOCKS = YES;
				GCC_OPTIMIZATION_LEVEL = 0;
				GCC_PREPROCESSOR_DEFINITIONS = (
					"DEBUG=1",
					"$(inherited)",
				);
				GCC_WARN_64_TO_32_BIT_CONVERSION = YES;
				GCC_WARN_ABOUT_RETURN_TYPE = YES_ERROR;
				GCC_WARN_UNDECLARED_SELECTOR = YES;
				GCC_WARN_UNINITIALIZED_AUTOS = YES_AGGRESSIVE;
				GCC_WARN_UNUSED_FUNCTION = YES;
				GCC_WARN_UNUSED_VARIABLE = YES;
				IPHONEOS_DEPLOYMENT_TARGET = 11.4;
				MTL_ENABLE_DEBUG_INFO = YES;
				ONLY_ACTIVE_ARCH = YES;
				SDKROOT = iphoneos;
				SWIFT_ACTIVE_COMPILATION_CONDITIONS = DEBUG;
				SWIFT_OPTIMIZATION_LEVEL = "-Onone";
			};
			name = Debug;
		};
		3104463A20D69441008FB490 /* Release */ = {
			isa = XCBuildConfiguration;
			buildSettings = {
				ALWAYS_SEARCH_USER_PATHS = NO;
				CLANG_ANALYZER_NONNULL = YES;
				CLANG_ANALYZER_NUMBER_OBJECT_CONVERSION = YES_AGGRESSIVE;
				CLANG_CXX_LANGUAGE_STANDARD = "gnu++14";
				CLANG_CXX_LIBRARY = "libc++";
				CLANG_ENABLE_MODULES = YES;
				CLANG_ENABLE_OBJC_ARC = YES;
				CLANG_ENABLE_OBJC_WEAK = YES;
				CLANG_WARN_BLOCK_CAPTURE_AUTORELEASING = YES;
				CLANG_WARN_BOOL_CONVERSION = YES;
				CLANG_WARN_COMMA = YES;
				CLANG_WARN_CONSTANT_CONVERSION = YES;
				CLANG_WARN_DEPRECATED_OBJC_IMPLEMENTATIONS = YES;
				CLANG_WARN_DIRECT_OBJC_ISA_USAGE = YES_ERROR;
				CLANG_WARN_DOCUMENTATION_COMMENTS = YES;
				CLANG_WARN_EMPTY_BODY = YES;
				CLANG_WARN_ENUM_CONVERSION = YES;
				CLANG_WARN_INFINITE_RECURSION = YES;
				CLANG_WARN_INT_CONVERSION = YES;
				CLANG_WARN_NON_LITERAL_NULL_CONVERSION = YES;
				CLANG_WARN_OBJC_IMPLICIT_RETAIN_SELF = YES;
				CLANG_WARN_OBJC_LITERAL_CONVERSION = YES;
				CLANG_WARN_OBJC_ROOT_CLASS = YES_ERROR;
				CLANG_WARN_RANGE_LOOP_ANALYSIS = YES;
				CLANG_WARN_STRICT_PROTOTYPES = YES;
				CLANG_WARN_SUSPICIOUS_MOVE = YES;
				CLANG_WARN_UNGUARDED_AVAILABILITY = YES_AGGRESSIVE;
				CLANG_WARN_UNREACHABLE_CODE = YES;
				CLANG_WARN__DUPLICATE_METHOD_MATCH = YES;
				CODE_SIGN_IDENTITY = "iPhone Developer";
				COPY_PHASE_STRIP = NO;
				DEBUG_INFORMATION_FORMAT = "dwarf-with-dsym";
				ENABLE_NS_ASSERTIONS = NO;
				ENABLE_STRICT_OBJC_MSGSEND = YES;
				GCC_C_LANGUAGE_STANDARD = gnu11;
				GCC_NO_COMMON_BLOCKS = YES;
				GCC_WARN_64_TO_32_BIT_CONVERSION = YES;
				GCC_WARN_ABOUT_RETURN_TYPE = YES_ERROR;
				GCC_WARN_UNDECLARED_SELECTOR = YES;
				GCC_WARN_UNINITIALIZED_AUTOS = YES_AGGRESSIVE;
				GCC_WARN_UNUSED_FUNCTION = YES;
				GCC_WARN_UNUSED_VARIABLE = YES;
				IPHONEOS_DEPLOYMENT_TARGET = 11.4;
				MTL_ENABLE_DEBUG_INFO = NO;
				SDKROOT = iphoneos;
				SWIFT_COMPILATION_MODE = wholemodule;
				SWIFT_OPTIMIZATION_LEVEL = "-O";
				VALIDATE_PRODUCT = YES;
			};
			name = Release;
		};
		3104463C20D69441008FB490 /* Debug */ = {
			isa = XCBuildConfiguration;
			baseConfigurationReference = 4B40A15E57DAA725E50A50C2 /* Pods-Nalssi.debug.xcconfig */;
			buildSettings = {
				ASSETCATALOG_COMPILER_APPICON_NAME = AppIcon;
				CODE_SIGN_STYLE = Automatic;
				DEVELOPMENT_TEAM = 2V97S6J473;
				INFOPLIST_FILE = Nalssi/Info.plist;
				IPHONEOS_DEPLOYMENT_TARGET = 11.0;
				LD_RUNPATH_SEARCH_PATHS = (
					"$(inherited)",
					"@executable_path/Frameworks",
				);
				PRODUCT_BUNDLE_IDENTIFIER = com.mti.Nalssi;
				PRODUCT_NAME = "$(TARGET_NAME)";
				SWIFT_VERSION = 4.0;
				TARGETED_DEVICE_FAMILY = "1,2";
			};
			name = Debug;
		};
		3104463D20D69441008FB490 /* Release */ = {
			isa = XCBuildConfiguration;
			baseConfigurationReference = A51BF607C3D186F860422FA9 /* Pods-Nalssi.release.xcconfig */;
			buildSettings = {
				ASSETCATALOG_COMPILER_APPICON_NAME = AppIcon;
				CODE_SIGN_STYLE = Automatic;
				DEVELOPMENT_TEAM = 2V97S6J473;
				INFOPLIST_FILE = Nalssi/Info.plist;
				IPHONEOS_DEPLOYMENT_TARGET = 11.0;
				LD_RUNPATH_SEARCH_PATHS = (
					"$(inherited)",
					"@executable_path/Frameworks",
				);
				PRODUCT_BUNDLE_IDENTIFIER = com.mti.Nalssi;
				PRODUCT_NAME = "$(TARGET_NAME)";
				SWIFT_VERSION = 4.0;
				TARGETED_DEVICE_FAMILY = "1,2";
			};
			name = Release;
		};
/* End XCBuildConfiguration section */

/* Begin XCConfigurationList section */
		3104462420D6943F008FB490 /* Build configuration list for PBXProject "Nalssi" */ = {
			isa = XCConfigurationList;
			buildConfigurations = (
				3104463920D69441008FB490 /* Debug */,
				3104463A20D69441008FB490 /* Release */,
			);
			defaultConfigurationIsVisible = 0;
			defaultConfigurationName = Release;
		};
		3104463B20D69441008FB490 /* Build configuration list for PBXNativeTarget "Nalssi" */ = {
			isa = XCConfigurationList;
			buildConfigurations = (
				3104463C20D69441008FB490 /* Debug */,
				3104463D20D69441008FB490 /* Release */,
			);
			defaultConfigurationIsVisible = 0;
			defaultConfigurationName = Release;
		};
/* End XCConfigurationList section */
	};
	rootObject = 3104462120D6943F008FB490 /* Project object */;
}
